
Microsoft Visual Studio Solution File, Format Version 12.00
# Visual Studio 15
VisualStudioVersion = 15.0.28010.2048
MinimumVisualStudioVersion = 10.0.40219.1
Project("{FAE04EC0-301F-11D3-BF4B-00C04F79EFBC}") = "XamarinHybrid.Droid", "XamarinHybrid\XamarinHybrid.Android\XamarinHybrid.Droid.csproj", "{F82EF9B9-62FD-46BC-B76F-224EB5010D39}"
EndProject
Project("{FAE04EC0-301F-11D3-BF4B-00C04F79EFBC}") = "XamarinHybrid.iOS", "XamarinHybrid\XamarinHybrid.iOS\XamarinHybrid.iOS.csproj", "{DFC7B945-B60A-4669-BF30-0762AE1DC941}"
EndProject
Project("{9A19103F-16F7-4668-BE54-9A1E7A4F7556}") = "XamarinHybrid", "XamarinHybrid\XamarinHybrid\XamarinHybrid.csproj", "{AEC2E985-5CFE-47D9-B337-6862E3D6C143}"
EndProject
Global
	GlobalSection(SolutionConfigurationPlatforms) = preSolution
		Ad-Hoc|Any CPU = Ad-Hoc|Any CPU
		Ad-Hoc|iPhone = Ad-Hoc|iPhone
		Ad-Hoc|iPhoneSimulator = Ad-Hoc|iPhoneSimulator
		AppStore|Any CPU = AppStore|Any CPU
		AppStore|iPhone = AppStore|iPhone
		AppStore|iPhoneSimulator = AppStore|iPhoneSimulator
		Debug|Any CPU = Debug|Any CPU
		Debug|iPhone = Debug|iPhone
		Debug|iPhoneSimulator = Debug|iPhoneSimulator
		Release|Any CPU = Release|Any CPU
		Release|iPhone = Release|iPhone
		Release|iPhoneSimulator = Release|iPhoneSimulator
	EndGlobalSection
	GlobalSection(ProjectConfigurationPlatforms) = postSolution
		{F82EF9B9-62FD-46BC-B76F-224EB5010D39}.Ad-Hoc|Any CPU.ActiveCfg = Release|Any CPU
		{F82EF9B9-62FD-46BC-B76F-224EB5010D39}.Ad-Hoc|Any CPU.Build.0 = Release|Any CPU
		{F82EF9B9-62FD-46BC-B76F-224EB5010D39}.Ad-Hoc|Any CPU.Deploy.0 = Release|Any CPU
		{F82EF9B9-62FD-46BC-B76F-224EB5010D39}.Ad-Hoc|iPhone.ActiveCfg = Release|Any CPU
		{F82EF9B9-62FD-46BC-B76F-224EB5010D39}.Ad-Hoc|iPhone.Build.0 = Release|Any CPU
		{F82EF9B9-62FD-46BC-B76F-224EB5010D39}.Ad-Hoc|iPhone.Deploy.0 = Release|Any CPU
		{F82EF9B9-62FD-46BC-B76F-224EB5010D39}.Ad-Hoc|iPhoneSimulator.ActiveCfg = Release|Any CPU
		{F82EF9B9-62FD-46BC-B76F-224EB5010D39}.Ad-Hoc|iPhoneSimulator.Build.0 = Release|Any CPU
		{F82EF9B9-62FD-46BC-B76F-224EB5010D39}.Ad-Hoc|iPhoneSimulator.Deploy.0 = Release|Any CPU
		{F82EF9B9-62FD-46BC-B76F-224EB5010D39}.AppStore|Any CPU.ActiveCfg = Release|Any CPU
		{F82EF9B9-62FD-46BC-B76F-224EB5010D39}.AppStore|Any CPU.Build.0 = Release|Any CPU
		{F82EF9B9-62FD-46BC-B76F-224EB5010D39}.AppStore|Any CPU.Deploy.0 = Release|Any CPU
		{F82EF9B9-62FD-46BC-B76F-224EB5010D39}.AppStore|iPhone.ActiveCfg = Release|Any CPU
		{F82EF9B9-62FD-46BC-B76F-224EB5010D39}.AppStore|iPhone.Build.0 = Release|Any CPU
		{F82EF9B9-62FD-46BC-B76F-224EB5010D39}.AppStore|iPhone.Deploy.0 = Release|Any CPU
		{F82EF9B9-62FD-46BC-B76F-224EB5010D39}.AppStore|iPhoneSimulator.ActiveCfg = Release|Any CPU
		{F82EF9B9-62FD-46BC-B76F-224EB5010D39}.AppStore|iPhoneSimulator.Build.0 = Release|Any CPU
		{F82EF9B9-62FD-46BC-B76F-224EB5010D39}.AppStore|iPhoneSimulator.Deploy.0 = Release|Any CPU
		{F82EF9B9-62FD-46BC-B76F-224EB5010D39}.Debug|Any CPU.ActiveCfg = Debug|Any CPU
		{F82EF9B9-62FD-46BC-B76F-224EB5010D39}.Debug|Any CPU.Build.0 = Debug|Any CPU
		{F82EF9B9-62FD-46BC-B76F-224EB5010D39}.Debug|Any CPU.Deploy.0 = Debug|Any CPU
		{F82EF9B9-62FD-46BC-B76F-224EB5010D39}.Debug|iPhone.ActiveCfg = Debug|Any CPU
		{F82EF9B9-62FD-46BC-B76F-224EB5010D39}.Debug|iPhone.Build.0 = Debug|Any CPU
		{F82EF9B9-62FD-46BC-B76F-224EB5010D39}.Debug|iPhone.Deploy.0 = Debug|Any CPU
		{F82EF9B9-62FD-46BC-B76F-224EB5010D39}.Debug|iPhoneSimulator.ActiveCfg = Debug|Any CPU
		{F82EF9B9-62FD-46BC-B76F-224EB5010D39}.Debug|iPhoneSimulator.Build.0 = Debug|Any CPU
		{F82EF9B9-62FD-46BC-B76F-224EB5010D39}.Debug|iPhoneSimulator.Deploy.0 = Debug|Any CPU
		{F82EF9B9-62FD-46BC-B76F-224EB5010D39}.Release|Any CPU.ActiveCfg = Release|Any CPU
		{F82EF9B9-62FD-46BC-B76F-224EB5010D39}.Release|Any CPU.Build.0 = Release|Any CPU
		{F82EF9B9-62FD-46BC-B76F-224EB5010D39}.Release|Any CPU.Deploy.0 = Release|Any CPU
		{F82EF9B9-62FD-46BC-B76F-224EB5010D39}.Release|iPhone.ActiveCfg = Release|Any CPU
		{F82EF9B9-62FD-46BC-B76F-224EB5010D39}.Release|iPhone.Build.0 = Release|Any CPU
		{F82EF9B9-62FD-46BC-B76F-224EB5010D39}.Release|iPhone.Deploy.0 = Release|Any CPU
		{F82EF9B9-62FD-46BC-B76F-224EB5010D39}.Release|iPhoneSimulator.ActiveCfg = Release|Any CPU
		{F82EF9B9-62FD-46BC-B76F-224EB5010D39}.Release|iPhoneSimulator.Build.0 = Release|Any CPU
		{F82EF9B9-62FD-46BC-B76F-224EB5010D39}.Release|iPhoneSimulator.Deploy.0 = Release|Any CPU
		{DFC7B945-B60A-4669-BF30-0762AE1DC941}.Ad-Hoc|Any CPU.ActiveCfg = Ad-Hoc|iPhone
		{DFC7B945-B60A-4669-BF30-0762AE1DC941}.Ad-Hoc|Any CPU.Build.0 = Ad-Hoc|iPhone
		{DFC7B945-B60A-4669-BF30-0762AE1DC941}.Ad-Hoc|Any CPU.Deploy.0 = Ad-Hoc|iPhone
		{DFC7B945-B60A-4669-BF30-0762AE1DC941}.Ad-Hoc|iPhone.ActiveCfg = Ad-Hoc|iPhone
		{DFC7B945-B60A-4669-BF30-0762AE1DC941}.Ad-Hoc|iPhone.Build.0 = Ad-Hoc|iPhone
		{DFC7B945-B60A-4669-BF30-0762AE1DC941}.Ad-Hoc|iPhone.Deploy.0 = Ad-Hoc|iPhone
		{DFC7B945-B60A-4669-BF30-0762AE1DC941}.Ad-Hoc|iPhoneSimulator.ActiveCfg = Ad-Hoc|iPhoneSimulator
		{DFC7B945-B60A-4669-BF30-0762AE1DC941}.Ad-Hoc|iPhoneSimulator.Build.0 = Ad-Hoc|iPhoneSimulator
		{DFC7B945-B60A-4669-BF30-0762AE1DC941}.Ad-Hoc|iPhoneSimulator.Deploy.0 = Ad-Hoc|iPhoneSimulator
		{DFC7B945-B60A-4669-BF30-0762AE1DC941}.AppStore|Any CPU.ActiveCfg = AppStore|iPhone
		{DFC7B945-B60A-4669-BF30-0762AE1DC941}.AppStore|Any CPU.Build.0 = AppStore|iPhone
		{DFC7B945-B60A-4669-BF30-0762AE1DC941}.AppStore|Any CPU.Deploy.0 = AppStore|iPhone
		{DFC7B945-B60A-4669-BF30-0762AE1DC941}.AppStore|iPhone.ActiveCfg = AppStore|iPhone
		{DFC7B945-B60A-4669-BF30-0762AE1DC941}.AppStore|iPhone.Build.0 = AppStore|iPhone
		{DFC7B945-B60A-4669-BF30-0762AE1DC941}.AppStore|iPhone.Deploy.0 = AppStore|iPhone
		{DFC7B945-B60A-4669-BF30-0762AE1DC941}.AppStore|iPhoneSimulator.ActiveCfg = AppStore|iPhoneSimulator
		{DFC7B945-B60A-4669-BF30-0762AE1DC941}.AppStore|iPhoneSimulator.Build.0 = AppStore|iPhoneSimulator
		{DFC7B945-B60A-4669-BF30-0762AE1DC941}.AppStore|iPhoneSimulator.Deploy.0 = AppStore|iPhoneSimulator
		{DFC7B945-B60A-4669-BF30-0762AE1DC941}.Debug|Any CPU.ActiveCfg = Debug|iPhoneSimulator
		{DFC7B945-B60A-4669-BF30-0762AE1DC941}.Debug|Any CPU.Build.0 = Debug|iPhoneSimulator
		{DFC7B945-B60A-4669-BF30-0762AE1DC941}.Debug|Any CPU.Deploy.0 = Debug|iPhoneSimulator
		{DFC7B945-B60A-4669-BF30-0762AE1DC941}.Debug|iPhone.ActiveCfg = Debug|iPhone
		{DFC7B945-B60A-4669-BF30-0762AE1DC941}.Debug|iPhone.Build.0 = Debug|iPhone
		{DFC7B945-B60A-4669-BF30-0762AE1DC941}.Debug|iPhone.Deploy.0 = Debug|iPhone
		{DFC7B945-B60A-4669-BF30-0762AE1DC941}.Debug|iPhoneSimulator.ActiveCfg = Debug|iPhoneSimulator
		{DFC7B945-B60A-4669-BF30-0762AE1DC941}.Debug|iPhoneSimulator.Build.0 = Debug|iPhoneSimulator
		{DFC7B945-B60A-4669-BF30-0762AE1DC941}.Debug|iPhoneSimulator.Deploy.0 = Debug|iPhoneSimulator
		{DFC7B945-B60A-4669-BF30-0762AE1DC941}.Release|Any CPU.ActiveCfg = Release|iPhone
		{DFC7B945-B60A-4669-BF30-0762AE1DC941}.Release|Any CPU.Build.0 = Release|iPhone
		{DFC7B945-B60A-4669-BF30-0762AE1DC941}.Release|Any CPU.Deploy.0 = Release|iPhone
		{DFC7B945-B60A-4669-BF30-0762AE1DC941}.Release|iPhone.ActiveCfg = Release|iPhone
		{DFC7B945-B60A-4669-BF30-0762AE1DC941}.Release|iPhone.Build.0 = Release|iPhone
		{DFC7B945-B60A-4669-BF30-0762AE1DC941}.Release|iPhone.Deploy.0 = Release|iPhone
		{DFC7B945-B60A-4669-BF30-0762AE1DC941}.Release|iPhoneSimulator.ActiveCfg = Release|iPhoneSimulator
		{DFC7B945-B60A-4669-BF30-0762AE1DC941}.Release|iPhoneSimulator.Build.0 = Release|iPhoneSimulator
		{DFC7B945-B60A-4669-BF30-0762AE1DC941}.Release|iPhoneSimulator.Deploy.0 = Release|iPhoneSimulator
		{AEC2E985-5CFE-47D9-B337-6862E3D6C143}.Ad-Hoc|Any CPU.ActiveCfg = Debug|Any CPU
		{AEC2E985-5CFE-47D9-B337-6862E3D6C143}.Ad-Hoc|Any CPU.Build.0 = Debug|Any CPU
		{AEC2E985-5CFE-47D9-B337-6862E3D6C143}.Ad-Hoc|Any CPU.Deploy.0 = Debug|Any CPU
		{AEC2E985-5CFE-47D9-B337-6862E3D6C143}.Ad-Hoc|iPhone.ActiveCfg = Debug|Any CPU
		{AEC2E985-5CFE-47D9-B337-6862E3D6C143}.Ad-Hoc|iPhone.Build.0 = Debug|Any CPU
		{AEC2E985-5CFE-47D9-B337-6862E3D6C143}.Ad-Hoc|iPhone.Deploy.0 = Debug|Any CPU
		{AEC2E985-5CFE-47D9-B337-6862E3D6C143}.Ad-Hoc|iPhoneSimulator.ActiveCfg = Debug|Any CPU
		{AEC2E985-5CFE-47D9-B337-6862E3D6C143}.Ad-Hoc|iPhoneSimulator.Build.0 = Debug|Any CPU
		{AEC2E985-5CFE-47D9-B337-6862E3D6C143}.Ad-Hoc|iPhoneSimulator.Deploy.0 = Debug|Any CPU
		{AEC2E985-5CFE-47D9-B337-6862E3D6C143}.AppStore|Any CPU.ActiveCfg = Debug|Any CPU
		{AEC2E985-5CFE-47D9-B337-6862E3D6C143}.AppStore|Any CPU.Build.0 = Debug|Any CPU
		{AEC2E985-5CFE-47D9-B337-6862E3D6C143}.AppStore|Any CPU.Deploy.0 = Debug|Any CPU
		{AEC2E985-5CFE-47D9-B337-6862E3D6C143}.AppStore|iPhone.ActiveCfg = Debug|Any CPU
		{AEC2E985-5CFE-47D9-B337-6862E3D6C143}.AppStore|iPhone.Build.0 = Debug|Any CPU
		{AEC2E985-5CFE-47D9-B337-6862E3D6C143}.AppStore|iPhone.Deploy.0 = Debug|Any CPU
		{AEC2E985-5CFE-47D9-B337-6862E3D6C143}.AppStore|iPhoneSimulator.ActiveCfg = Debug|Any CPU
		{AEC2E985-5CFE-47D9-B337-6862E3D6C143}.AppStore|iPhoneSimulator.Build.0 = Debug|Any CPU
		{AEC2E985-5CFE-47D9-B337-6862E3D6C143}.AppStore|iPhoneSimulator.Deploy.0 = Debug|Any CPU
		{AEC2E985-5CFE-47D9-B337-6862E3D6C143}.Debug|Any CPU.ActiveCfg = Debug|Any CPU
		{AEC2E985-5CFE-47D9-B337-6862E3D6C143}.Debug|Any CPU.Build.0 = Debug|Any CPU
		{AEC2E985-5CFE-47D9-B337-6862E3D6C143}.Debug|Any CPU.Deploy.0 = Debug|Any CPU
		{AEC2E985-5CFE-47D9-B337-6862E3D6C143}.Debug|iPhone.ActiveCfg = Debug|Any CPU
		{AEC2E985-5CFE-47D9-B337-6862E3D6C143}.Debug|iPhone.Build.0 = Debug|Any CPU
		{AEC2E985-5CFE-47D9-B337-6862E3D6C143}.Debug|iPhone.Deploy.0 = Debug|Any CPU
		{AEC2E985-5CFE-47D9-B337-6862E3D6C143}.Debug|iPhoneSimulator.ActiveCfg = Debug|Any CPU
		{AEC2E985-5CFE-47D9-B337-6862E3D6C143}.Debug|iPhoneSimulator.Build.0 = Debug|Any CPU
		{AEC2E985-5CFE-47D9-B337-6862E3D6C143}.Debug|iPhoneSimulator.Deploy.0 = Debug|Any CPU
		{AEC2E985-5CFE-47D9-B337-6862E3D6C143}.Release|Any CPU.ActiveCfg = Release|Any CPU
		{AEC2E985-5CFE-47D9-B337-6862E3D6C143}.Release|Any CPU.Build.0 = Release|Any CPU
		{AEC2E985-5CFE-47D9-B337-6862E3D6C143}.Release|Any CPU.Deploy.0 = Release|Any CPU
		{AEC2E985-5CFE-47D9-B337-6862E3D6C143}.Release|iPhone.ActiveCfg = Release|Any CPU
		{AEC2E985-5CFE-47D9-B337-6862E3D6C143}.Release|iPhone.Build.0 = Release|Any CPU
		{AEC2E985-5CFE-47D9-B337-6862E3D6C143}.Release|iPhone.Deploy.0 = Release|Any CPU
		{AEC2E985-5CFE-47D9-B337-6862E3D6C143}.Release|iPhoneSimulator.ActiveCfg = Release|Any CPU
		{AEC2E985-5CFE-47D9-B337-6862E3D6C143}.Release|iPhoneSimulator.Build.0 = Release|Any CPU
		{AEC2E985-5CFE-47D9-B337-6862E3D6C143}.Release|iPhoneSimulator.Deploy.0 = Release|Any CPU
	EndGlobalSection
	GlobalSection(SolutionProperties) = preSolution
		HideSolutionNode = FALSE
	EndGlobalSection
	GlobalSection(ExtensibilityGlobals) = postSolution
		SolutionGuid = {26A2D391-F7EC-4E31-98E4-6424FC75E628}
	EndGlobalSection
EndGlobal
